
Microsoft Visual Studio Solution File, Format Version 11.00
# Visual Studio 2010
Project("{8BC9CEB8-8B4A-11D0-8D11-00A0C91BC942}") = "mine", "mine.vcxproj", "{AD63D3CD-647A-4637-B381-7E315650F2E5}"
EndProject
Global
	GlobalSection(SolutionConfigurationPlatforms) = preSolution
		Debug|Win32 = Debug|Win32
		Release|Win32 = Release|Win32
	EndGlobalSection
	GlobalSection(ProjectConfigurationPlatforms) = postSolution
		{AD63D3CD-647A-4637-B381-7E315650F2E5}.Debug|Win32.ActiveCfg = Debug|Win32
		{AD63D3CD-647A-4637-B381-7E315650F2E5}.Debug|Win32.Build.0 = Debug|Win32
		{AD63D3CD-647A-4637-B381-7E315650F2E5}.Release|Win32.ActiveCfg = Release|Win32
		{AD63D3CD-647A-4637-B381-7E315650F2E5}.Release|Win32.Build.0 = Release|Win32
	EndGlobalSection
	GlobalSection(SolutionProperties) = preSolution
		HideSolutionNode = FALSE
	EndGlobalSection
EndGlobal
